
Microsoft Visual Studio Solution File, Format Version 12.00
# Visual Studio Version 16
VisualStudioVersion = 16.0.30503.244
MinimumVisualStudioVersion = 10.0.40219.1
Project("{FAE04EC0-301F-11D3-BF4B-00C04F79EFBC}") = "LinkedListProgram", "LinkedListProgram.csproj", "{FA5FC4AE-C8E1-433F-A19B-E0483F975FD2}"
EndProject
Project("{FAE04EC0-301F-11D3-BF4B-00C04F79EFBC}") = "LinkedListTest", "..\LinkedListTest\LinkedListTest.csproj", "{A86F0B92-DF86-4566-ABD9-39D4FA8CC506}"
EndProject
Global
	GlobalSection(SolutionConfigurationPlatforms) = preSolution
		Debug|Any CPU = Debug|Any CPU
		Release|Any CPU = Release|Any CPU
	EndGlobalSection
	GlobalSection(ProjectConfigurationPlatforms) = postSolution
		{FA5FC4AE-C8E1-433F-A19B-E0483F975FD2}.Debug|Any CPU.ActiveCfg = Debug|Any CPU
		{FA5FC4AE-C8E1-433F-A19B-E0483F975FD2}.Debug|Any CPU.Build.0 = Debug|Any CPU
		{FA5FC4AE-C8E1-433F-A19B-E0483F975FD2}.Release|Any CPU.ActiveCfg = Release|Any CPU
		{FA5FC4AE-C8E1-433F-A19B-E0483F975FD2}.Release|Any CPU.Build.0 = Release|Any CPU
		{A86F0B92-DF86-4566-ABD9-39D4FA8CC506}.Debug|Any CPU.ActiveCfg = Debug|Any CPU
		{A86F0B92-DF86-4566-ABD9-39D4FA8CC506}.Debug|Any CPU.Build.0 = Debug|Any CPU
		{A86F0B92-DF86-4566-ABD9-39D4FA8CC506}.Release|Any CPU.ActiveCfg = Release|Any CPU
		{A86F0B92-DF86-4566-ABD9-39D4FA8CC506}.Release|Any CPU.Build.0 = Release|Any CPU
	EndGlobalSection
	GlobalSection(SolutionProperties) = preSolution
		HideSolutionNode = FALSE
	EndGlobalSection
	GlobalSection(ExtensibilityGlobals) = postSolution
		SolutionGuid = {F4A9DB66-DC22-4160-A885-4E52C1299E0F}
	EndGlobalSection
EndGlobal
